
Microsoft Visual Studio Solution File, Format Version 12.00
# Visual Studio Version 16
VisualStudioVersion = 16.0.30114.105
MinimumVisualStudioVersion = 10.0.40219.1
Project("{FAE04EC0-301F-11D3-BF4B-00C04F79EFBC}") = "Masya.TelegramBot.Api", "Masya.TelegramBot.Api\Masya.TelegramBot.Api.csproj", "{F15DD8BC-C36A-4C91-9808-DFDBA4826717}"
EndProject
Project("{FAE04EC0-301F-11D3-BF4B-00C04F79EFBC}") = "Masya.TelegramBot.Commands", "Masya.TelegramBot.Commands\Masya.TelegramBot.Commands.csproj", "{7805BA2D-7ECE-416A-9D2B-3F6501DFB0C3}"
EndProject
Project("{FAE04EC0-301F-11D3-BF4B-00C04F79EFBC}") = "Masya.TelegramBot.DataAccess", "Masya.TelegramBot.DataAccess\Masya.TelegramBot.DataAccess.csproj", "{A2E44C9C-012D-4EAB-ACAE-6878636E8E11}"
EndProject
Project("{FAE04EC0-301F-11D3-BF4B-00C04F79EFBC}") = "Masya.TelegramBot.DatabaseExtensions", "Masya.TelegramBot.DatabaseExtensions\Masya.TelegramBot.DatabaseExtensions.csproj", "{9F519C38-2508-41B2-BB3C-AF2F18659B7B}"
EndProject
Project("{FAE04EC0-301F-11D3-BF4B-00C04F79EFBC}") = "Masya.TelegramBot.Modules", "Masya.TelegramBot.Modules\Masya.TelegramBot.Modules.csproj", "{4568FB22-95F3-4999-A852-C480158F04A0}"
EndProject
Project("{FAE04EC0-301F-11D3-BF4B-00C04F79EFBC}") = "Masya.TelegramBot.DatabaseInserting", "Masya.TelegramBot.DatabaseInserting\Masya.TelegramBot.DatabaseInserting.csproj", "{D69D320B-4B72-49A4-A362-8E7BD9C59633}"
EndProject
Global
	GlobalSection(SolutionConfigurationPlatforms) = preSolution
		Debug|Any CPU = Debug|Any CPU
		Debug|x64 = Debug|x64
		Debug|x86 = Debug|x86
		Release|Any CPU = Release|Any CPU
		Release|x64 = Release|x64
		Release|x86 = Release|x86
	EndGlobalSection
	GlobalSection(SolutionProperties) = preSolution
		HideSolutionNode = FALSE
	EndGlobalSection
	GlobalSection(ProjectConfigurationPlatforms) = postSolution
		{F15DD8BC-C36A-4C91-9808-DFDBA4826717}.Debug|Any CPU.ActiveCfg = Debug|Any CPU
		{F15DD8BC-C36A-4C91-9808-DFDBA4826717}.Debug|Any CPU.Build.0 = Debug|Any CPU
		{F15DD8BC-C36A-4C91-9808-DFDBA4826717}.Debug|x64.ActiveCfg = Debug|Any CPU
		{F15DD8BC-C36A-4C91-9808-DFDBA4826717}.Debug|x64.Build.0 = Debug|Any CPU
		{F15DD8BC-C36A-4C91-9808-DFDBA4826717}.Debug|x86.ActiveCfg = Debug|Any CPU
		{F15DD8BC-C36A-4C91-9808-DFDBA4826717}.Debug|x86.Build.0 = Debug|Any CPU
		{F15DD8BC-C36A-4C91-9808-DFDBA4826717}.Release|Any CPU.ActiveCfg = Release|Any CPU
		{F15DD8BC-C36A-4C91-9808-DFDBA4826717}.Release|Any CPU.Build.0 = Release|Any CPU
		{F15DD8BC-C36A-4C91-9808-DFDBA4826717}.Release|x64.ActiveCfg = Release|Any CPU
		{F15DD8BC-C36A-4C91-9808-DFDBA4826717}.Release|x64.Build.0 = Release|Any CPU
		{F15DD8BC-C36A-4C91-9808-DFDBA4826717}.Release|x86.ActiveCfg = Release|Any CPU
		{F15DD8BC-C36A-4C91-9808-DFDBA4826717}.Release|x86.Build.0 = Release|Any CPU
		{7805BA2D-7ECE-416A-9D2B-3F6501DFB0C3}.Debug|Any CPU.ActiveCfg = Debug|Any CPU
		{7805BA2D-7ECE-416A-9D2B-3F6501DFB0C3}.Debug|Any CPU.Build.0 = Debug|Any CPU
		{7805BA2D-7ECE-416A-9D2B-3F6501DFB0C3}.Debug|x64.ActiveCfg = Debug|Any CPU
		{7805BA2D-7ECE-416A-9D2B-3F6501DFB0C3}.Debug|x64.Build.0 = Debug|Any CPU
		{7805BA2D-7ECE-416A-9D2B-3F6501DFB0C3}.Debug|x86.ActiveCfg = Debug|Any CPU
		{7805BA2D-7ECE-416A-9D2B-3F6501DFB0C3}.Debug|x86.Build.0 = Debug|Any CPU
		{7805BA2D-7ECE-416A-9D2B-3F6501DFB0C3}.Release|Any CPU.ActiveCfg = Release|Any CPU
		{7805BA2D-7ECE-416A-9D2B-3F6501DFB0C3}.Release|Any CPU.Build.0 = Release|Any CPU
		{7805BA2D-7ECE-416A-9D2B-3F6501DFB0C3}.Release|x64.ActiveCfg = Release|Any CPU
		{7805BA2D-7ECE-416A-9D2B-3F6501DFB0C3}.Release|x64.Build.0 = Release|Any CPU
		{7805BA2D-7ECE-416A-9D2B-3F6501DFB0C3}.Release|x86.ActiveCfg = Release|Any CPU
		{7805BA2D-7ECE-416A-9D2B-3F6501DFB0C3}.Release|x86.Build.0 = Release|Any CPU
		{A2E44C9C-012D-4EAB-ACAE-6878636E8E11}.Debug|Any CPU.ActiveCfg = Debug|Any CPU
		{A2E44C9C-012D-4EAB-ACAE-6878636E8E11}.Debug|Any CPU.Build.0 = Debug|Any CPU
		{A2E44C9C-012D-4EAB-ACAE-6878636E8E11}.Debug|x64.ActiveCfg = Debug|Any CPU
		{A2E44C9C-012D-4EAB-ACAE-6878636E8E11}.Debug|x64.Build.0 = Debug|Any CPU
		{A2E44C9C-012D-4EAB-ACAE-6878636E8E11}.Debug|x86.ActiveCfg = Debug|Any CPU
		{A2E44C9C-012D-4EAB-ACAE-6878636E8E11}.Debug|x86.Build.0 = Debug|Any CPU
		{A2E44C9C-012D-4EAB-ACAE-6878636E8E11}.Release|Any CPU.ActiveCfg = Release|Any CPU
		{A2E44C9C-012D-4EAB-ACAE-6878636E8E11}.Release|Any CPU.Build.0 = Release|Any CPU
		{A2E44C9C-012D-4EAB-ACAE-6878636E8E11}.Release|x64.ActiveCfg = Release|Any CPU
		{A2E44C9C-012D-4EAB-ACAE-6878636E8E11}.Release|x64.Build.0 = Release|Any CPU
		{A2E44C9C-012D-4EAB-ACAE-6878636E8E11}.Release|x86.ActiveCfg = Release|Any CPU
		{A2E44C9C-012D-4EAB-ACAE-6878636E8E11}.Release|x86.Build.0 = Release|Any CPU
		{9F519C38-2508-41B2-BB3C-AF2F18659B7B}.Debug|Any CPU.ActiveCfg = Debug|Any CPU
		{9F519C38-2508-41B2-BB3C-AF2F18659B7B}.Debug|Any CPU.Build.0 = Debug|Any CPU
		{9F519C38-2508-41B2-BB3C-AF2F18659B7B}.Debug|x64.ActiveCfg = Debug|Any CPU
		{9F519C38-2508-41B2-BB3C-AF2F18659B7B}.Debug|x64.Build.0 = Debug|Any CPU
		{9F519C38-2508-41B2-BB3C-AF2F18659B7B}.Debug|x86.ActiveCfg = Debug|Any CPU
		{9F519C38-2508-41B2-BB3C-AF2F18659B7B}.Debug|x86.Build.0 = Debug|Any CPU
		{9F519C38-2508-41B2-BB3C-AF2F18659B7B}.Release|Any CPU.ActiveCfg = Release|Any CPU
		{9F519C38-2508-41B2-BB3C-AF2F18659B7B}.Release|Any CPU.Build.0 = Release|Any CPU
		{9F519C38-2508-41B2-BB3C-AF2F18659B7B}.Release|x64.ActiveCfg = Release|Any CPU
		{9F519C38-2508-41B2-BB3C-AF2F18659B7B}.Release|x64.Build.0 = Release|Any CPU
		{9F519C38-2508-41B2-BB3C-AF2F18659B7B}.Release|x86.ActiveCfg = Release|Any CPU
		{9F519C38-2508-41B2-BB3C-AF2F18659B7B}.Release|x86.Build.0 = Release|Any CPU
		{4568FB22-95F3-4999-A852-C480158F04A0}.Debug|Any CPU.ActiveCfg = Debug|Any CPU
		{4568FB22-95F3-4999-A852-C480158F04A0}.Debug|Any CPU.Build.0 = Debug|Any CPU
		{4568FB22-95F3-4999-A852-C480158F04A0}.Debug|x64.ActiveCfg = Debug|Any CPU
		{4568FB22-95F3-4999-A852-C480158F04A0}.Debug|x64.Build.0 = Debug|Any CPU
		{4568FB22-95F3-4999-A852-C480158F04A0}.Debug|x86.ActiveCfg = Debug|Any CPU
		{4568FB22-95F3-4999-A852-C480158F04A0}.Debug|x86.Build.0 = Debug|Any CPU
		{4568FB22-95F3-4999-A852-C480158F04A0}.Release|Any CPU.ActiveCfg = Release|Any CPU
		{4568FB22-95F3-4999-A852-C480158F04A0}.Release|Any CPU.Build.0 = Release|Any CPU
		{4568FB22-95F3-4999-A852-C480158F04A0}.Release|x64.ActiveCfg = Release|Any CPU
		{4568FB22-95F3-4999-A852-C480158F04A0}.Release|x64.Build.0 = Release|Any CPU
		{4568FB22-95F3-4999-A852-C480158F04A0}.Release|x86.ActiveCfg = Release|Any CPU
		{4568FB22-95F3-4999-A852-C480158F04A0}.Release|x86.Build.0 = Release|Any CPU
		{D69D320B-4B72-49A4-A362-8E7BD9C59633}.Debug|Any CPU.ActiveCfg = Debug|Any CPU
		{D69D320B-4B72-49A4-A362-8E7BD9C59633}.Debug|Any CPU.Build.0 = Debug|Any CPU
		{D69D320B-4B72-49A4-A362-8E7BD9C59633}.Debug|x64.ActiveCfg = Debug|Any CPU
		{D69D320B-4B72-49A4-A362-8E7BD9C59633}.Debug|x64.Build.0 = Debug|Any CPU
		{D69D320B-4B72-49A4-A362-8E7BD9C59633}.Debug|x86.ActiveCfg = Debug|Any CPU
		{D69D320B-4B72-49A4-A362-8E7BD9C59633}.Debug|x86.Build.0 = Debug|Any CPU
		{D69D320B-4B72-49A4-A362-8E7BD9C59633}.Release|Any CPU.ActiveCfg = Release|Any CPU
		{D69D320B-4B72-49A4-A362-8E7BD9C59633}.Release|Any CPU.Build.0 = Release|Any CPU
		{D69D320B-4B72-49A4-A362-8E7BD9C59633}.Release|x64.ActiveCfg = Release|Any CPU
		{D69D320B-4B72-49A4-A362-8E7BD9C59633}.Release|x64.Build.0 = Release|Any CPU
		{D69D320B-4B72-49A4-A362-8E7BD9C59633}.Release|x86.ActiveCfg = Release|Any CPU
		{D69D320B-4B72-49A4-A362-8E7BD9C59633}.Release|x86.Build.0 = Release|Any CPU
	EndGlobalSection
EndGlobal
