
Microsoft Visual Studio Solution File, Format Version 12.00
# Visual Studio Version 16
VisualStudioVersion = 16.0.30114.105
MinimumVisualStudioVersion = 10.0.40219.1
Project("{FAE04EC0-301F-11D3-BF4B-00C04F79EFBC}") = "Masya.TelegramBot.Api", "Masya.TelegramBot.Api\Masya.TelegramBot.Api.csproj", "{D005800D-8F1A-4E92-8628-5153FF425BDA}"
EndProject
Project("{FAE04EC0-301F-11D3-BF4B-00C04F79EFBC}") = "Masya.TelegramBot.Commands", "Masya.TelegramBot.Commands\Masya.TelegramBot.Commands.csproj", "{84F48A0A-39DE-4B1E-B2AA-FB540A32ED32}"
EndProject
Project("{FAE04EC0-301F-11D3-BF4B-00C04F79EFBC}") = "Masya.TelegramBot.DataAccess", "Masya.TelegramBot.DataAccess\Masya.TelegramBot.DataAccess.csproj", "{93658322-BD06-4FE5-B14C-49DAB3652877}"
EndProject
Project("{FAE04EC0-301F-11D3-BF4B-00C04F79EFBC}") = "Masya.TelegramBot.DatabaseExtensions", "Masya.TelegramBot.DatabaseExtensions\Masya.TelegramBot.DatabaseExtensions.csproj", "{BDC5515A-9990-4C9F-99BD-30C99A5BF20F}"
EndProject
Project("{FAE04EC0-301F-11D3-BF4B-00C04F79EFBC}") = "Masya.TelegramBot.Modules", "Masya.TelegramBot.Modules\Masya.TelegramBot.Modules.csproj", "{D2CB184D-FB5A-4395-B686-05B5D042C149}"
EndProject
Global
	GlobalSection(SolutionConfigurationPlatforms) = preSolution
		Debug|Any CPU = Debug|Any CPU
		Debug|x64 = Debug|x64
		Debug|x86 = Debug|x86
		Release|Any CPU = Release|Any CPU
		Release|x64 = Release|x64
		Release|x86 = Release|x86
	EndGlobalSection
	GlobalSection(SolutionProperties) = preSolution
		HideSolutionNode = FALSE
	EndGlobalSection
	GlobalSection(ProjectConfigurationPlatforms) = postSolution
		{D005800D-8F1A-4E92-8628-5153FF425BDA}.Debug|Any CPU.ActiveCfg = Debug|Any CPU
		{D005800D-8F1A-4E92-8628-5153FF425BDA}.Debug|Any CPU.Build.0 = Debug|Any CPU
		{D005800D-8F1A-4E92-8628-5153FF425BDA}.Debug|x64.ActiveCfg = Debug|Any CPU
		{D005800D-8F1A-4E92-8628-5153FF425BDA}.Debug|x64.Build.0 = Debug|Any CPU
		{D005800D-8F1A-4E92-8628-5153FF425BDA}.Debug|x86.ActiveCfg = Debug|Any CPU
		{D005800D-8F1A-4E92-8628-5153FF425BDA}.Debug|x86.Build.0 = Debug|Any CPU
		{D005800D-8F1A-4E92-8628-5153FF425BDA}.Release|Any CPU.ActiveCfg = Release|Any CPU
		{D005800D-8F1A-4E92-8628-5153FF425BDA}.Release|Any CPU.Build.0 = Release|Any CPU
		{D005800D-8F1A-4E92-8628-5153FF425BDA}.Release|x64.ActiveCfg = Release|Any CPU
		{D005800D-8F1A-4E92-8628-5153FF425BDA}.Release|x64.Build.0 = Release|Any CPU
		{D005800D-8F1A-4E92-8628-5153FF425BDA}.Release|x86.ActiveCfg = Release|Any CPU
		{D005800D-8F1A-4E92-8628-5153FF425BDA}.Release|x86.Build.0 = Release|Any CPU
		{84F48A0A-39DE-4B1E-B2AA-FB540A32ED32}.Debug|Any CPU.ActiveCfg = Debug|Any CPU
		{84F48A0A-39DE-4B1E-B2AA-FB540A32ED32}.Debug|Any CPU.Build.0 = Debug|Any CPU
		{84F48A0A-39DE-4B1E-B2AA-FB540A32ED32}.Debug|x64.ActiveCfg = Debug|Any CPU
		{84F48A0A-39DE-4B1E-B2AA-FB540A32ED32}.Debug|x64.Build.0 = Debug|Any CPU
		{84F48A0A-39DE-4B1E-B2AA-FB540A32ED32}.Debug|x86.ActiveCfg = Debug|Any CPU
		{84F48A0A-39DE-4B1E-B2AA-FB540A32ED32}.Debug|x86.Build.0 = Debug|Any CPU
		{84F48A0A-39DE-4B1E-B2AA-FB540A32ED32}.Release|Any CPU.ActiveCfg = Release|Any CPU
		{84F48A0A-39DE-4B1E-B2AA-FB540A32ED32}.Release|Any CPU.Build.0 = Release|Any CPU
		{84F48A0A-39DE-4B1E-B2AA-FB540A32ED32}.Release|x64.ActiveCfg = Release|Any CPU
		{84F48A0A-39DE-4B1E-B2AA-FB540A32ED32}.Release|x64.Build.0 = Release|Any CPU
		{84F48A0A-39DE-4B1E-B2AA-FB540A32ED32}.Release|x86.ActiveCfg = Release|Any CPU
		{84F48A0A-39DE-4B1E-B2AA-FB540A32ED32}.Release|x86.Build.0 = Release|Any CPU
		{93658322-BD06-4FE5-B14C-49DAB3652877}.Debug|Any CPU.ActiveCfg = Debug|Any CPU
		{93658322-BD06-4FE5-B14C-49DAB3652877}.Debug|Any CPU.Build.0 = Debug|Any CPU
		{93658322-BD06-4FE5-B14C-49DAB3652877}.Debug|x64.ActiveCfg = Debug|Any CPU
		{93658322-BD06-4FE5-B14C-49DAB3652877}.Debug|x64.Build.0 = Debug|Any CPU
		{93658322-BD06-4FE5-B14C-49DAB3652877}.Debug|x86.ActiveCfg = Debug|Any CPU
		{93658322-BD06-4FE5-B14C-49DAB3652877}.Debug|x86.Build.0 = Debug|Any CPU
		{93658322-BD06-4FE5-B14C-49DAB3652877}.Release|Any CPU.ActiveCfg = Release|Any CPU
		{93658322-BD06-4FE5-B14C-49DAB3652877}.Release|Any CPU.Build.0 = Release|Any CPU
		{93658322-BD06-4FE5-B14C-49DAB3652877}.Release|x64.ActiveCfg = Release|Any CPU
		{93658322-BD06-4FE5-B14C-49DAB3652877}.Release|x64.Build.0 = Release|Any CPU
		{93658322-BD06-4FE5-B14C-49DAB3652877}.Release|x86.ActiveCfg = Release|Any CPU
		{93658322-BD06-4FE5-B14C-49DAB3652877}.Release|x86.Build.0 = Release|Any CPU
		{BDC5515A-9990-4C9F-99BD-30C99A5BF20F}.Debug|Any CPU.ActiveCfg = Debug|Any CPU
		{BDC5515A-9990-4C9F-99BD-30C99A5BF20F}.Debug|Any CPU.Build.0 = Debug|Any CPU
		{BDC5515A-9990-4C9F-99BD-30C99A5BF20F}.Debug|x64.ActiveCfg = Debug|Any CPU
		{BDC5515A-9990-4C9F-99BD-30C99A5BF20F}.Debug|x64.Build.0 = Debug|Any CPU
		{BDC5515A-9990-4C9F-99BD-30C99A5BF20F}.Debug|x86.ActiveCfg = Debug|Any CPU
		{BDC5515A-9990-4C9F-99BD-30C99A5BF20F}.Debug|x86.Build.0 = Debug|Any CPU
		{BDC5515A-9990-4C9F-99BD-30C99A5BF20F}.Release|Any CPU.ActiveCfg = Release|Any CPU
		{BDC5515A-9990-4C9F-99BD-30C99A5BF20F}.Release|Any CPU.Build.0 = Release|Any CPU
		{BDC5515A-9990-4C9F-99BD-30C99A5BF20F}.Release|x64.ActiveCfg = Release|Any CPU
		{BDC5515A-9990-4C9F-99BD-30C99A5BF20F}.Release|x64.Build.0 = Release|Any CPU
		{BDC5515A-9990-4C9F-99BD-30C99A5BF20F}.Release|x86.ActiveCfg = Release|Any CPU
		{BDC5515A-9990-4C9F-99BD-30C99A5BF20F}.Release|x86.Build.0 = Release|Any CPU
		{D2CB184D-FB5A-4395-B686-05B5D042C149}.Debug|Any CPU.ActiveCfg = Debug|Any CPU
		{D2CB184D-FB5A-4395-B686-05B5D042C149}.Debug|Any CPU.Build.0 = Debug|Any CPU
		{D2CB184D-FB5A-4395-B686-05B5D042C149}.Debug|x64.ActiveCfg = Debug|Any CPU
		{D2CB184D-FB5A-4395-B686-05B5D042C149}.Debug|x64.Build.0 = Debug|Any CPU
		{D2CB184D-FB5A-4395-B686-05B5D042C149}.Debug|x86.ActiveCfg = Debug|Any CPU
		{D2CB184D-FB5A-4395-B686-05B5D042C149}.Debug|x86.Build.0 = Debug|Any CPU
		{D2CB184D-FB5A-4395-B686-05B5D042C149}.Release|Any CPU.ActiveCfg = Release|Any CPU
		{D2CB184D-FB5A-4395-B686-05B5D042C149}.Release|Any CPU.Build.0 = Release|Any CPU
		{D2CB184D-FB5A-4395-B686-05B5D042C149}.Release|x64.ActiveCfg = Release|Any CPU
		{D2CB184D-FB5A-4395-B686-05B5D042C149}.Release|x64.Build.0 = Release|Any CPU
		{D2CB184D-FB5A-4395-B686-05B5D042C149}.Release|x86.ActiveCfg = Release|Any CPU
		{D2CB184D-FB5A-4395-B686-05B5D042C149}.Release|x86.Build.0 = Release|Any CPU
	EndGlobalSection
EndGlobal
