# THIS IS AN AUTOGENERATED FILE. DO NOT EDIT THIS FILE DIRECTLY.
# yarn lockfile v1


typesafe-actions@4.4.2:
  version "4.4.2"
  resolved "https://registry.yarnpkg.com/typesafe-actions/-/typesafe-actions-4.4.2.tgz#8f817c479d12130b5ebb442032968b2a18929e1a"
  integrity sha512-QW61P4cOX8dCNmrfpcUMjvU/MF/sFTC8/PlG9215W1gKDzZUBjRGdyYSO6ZcEUNsn491S2VpryJOHSIVSDqJrg==
